
Microsoft Visual Studio Solution File, Format Version 12.00
# Visual Studio Version 17
VisualStudioVersion = 17.4.33213.308
MinimumVisualStudioVersion = 10.0.40219.1
Project("{FAE04EC0-301F-11D3-BF4B-00C04F79EFBC}") = "PortfolioBlazor", "PortfolioBlazor\PortfolioBlazor.csproj", "{8E1E52F5-D8CB-41DC-8E8D-5118EFED970D}"
EndProject
Global
	GlobalSection(SolutionConfigurationPlatforms) = preSolution
		Debug|Any CPU = Debug|Any CPU
		Release|Any CPU = Release|Any CPU
	EndGlobalSection
	GlobalSection(ProjectConfigurationPlatforms) = postSolution
		{8E1E52F5-D8CB-41DC-8E8D-5118EFED970D}.Debug|Any CPU.ActiveCfg = Debug|Any CPU
		{8E1E52F5-D8CB-41DC-8E8D-5118EFED970D}.Debug|Any CPU.Build.0 = Debug|Any CPU
		{8E1E52F5-D8CB-41DC-8E8D-5118EFED970D}.Release|Any CPU.ActiveCfg = Release|Any CPU
		{8E1E52F5-D8CB-41DC-8E8D-5118EFED970D}.Release|Any CPU.Build.0 = Release|Any CPU
	EndGlobalSection
	GlobalSection(SolutionProperties) = preSolution
		HideSolutionNode = FALSE
	EndGlobalSection
	GlobalSection(ExtensibilityGlobals) = postSolution
		SolutionGuid = {95E4C480-1884-431D-9FD7-CF3D781B4B63}
	EndGlobalSection
EndGlobal
